
Microsoft Visual Studio Solution File, Format Version 11.00
# Visual Studio 2010
Project("{FAE04EC0-301F-11D3-BF4B-00C04F79EFBC}") = "Assembly-CSharp", "Assembly-CSharp.csproj", "{83E750CF-DBAD-D3FA-73EC-A78DE14961D2}"
EndProject
Project("{FAE04EC0-301F-11D3-BF4B-00C04F79EFBC}") = "Assembly-CSharp-firstpass", "Assembly-CSharp-firstpass.csproj", "{DD012E27-7A4A-C7C1-4DC0-6CEBA2002C9D}"
EndProject
Project("{FAE04EC0-301F-11D3-BF4B-00C04F79EFBC}") = "Assembly-CSharp-Editor", "Assembly-CSharp-Editor.csproj", "{71D8E699-E690-C6FB-BA11-D00C66A7E92D}"
EndProject
Global
	GlobalSection(SolutionConfigurationPlatforms) = preSolution
		Debug|Any CPU = Debug|Any CPU
		Release|Any CPU = Release|Any CPU
	EndGlobalSection
	GlobalSection(ProjectConfigurationPlatforms) = postSolution
		{83E750CF-DBAD-D3FA-73EC-A78DE14961D2}.Debug|Any CPU.ActiveCfg = Debug|Any CPU
		{83E750CF-DBAD-D3FA-73EC-A78DE14961D2}.Debug|Any CPU.Build.0 = Debug|Any CPU
		{83E750CF-DBAD-D3FA-73EC-A78DE14961D2}.Release|Any CPU.ActiveCfg = Release|Any CPU
		{83E750CF-DBAD-D3FA-73EC-A78DE14961D2}.Release|Any CPU.Build.0 = Release|Any CPU
		{DD012E27-7A4A-C7C1-4DC0-6CEBA2002C9D}.Debug|Any CPU.ActiveCfg = Debug|Any CPU
		{DD012E27-7A4A-C7C1-4DC0-6CEBA2002C9D}.Debug|Any CPU.Build.0 = Debug|Any CPU
		{DD012E27-7A4A-C7C1-4DC0-6CEBA2002C9D}.Release|Any CPU.ActiveCfg = Release|Any CPU
		{DD012E27-7A4A-C7C1-4DC0-6CEBA2002C9D}.Release|Any CPU.Build.0 = Release|Any CPU
		{71D8E699-E690-C6FB-BA11-D00C66A7E92D}.Debug|Any CPU.ActiveCfg = Debug|Any CPU
		{71D8E699-E690-C6FB-BA11-D00C66A7E92D}.Debug|Any CPU.Build.0 = Debug|Any CPU
		{71D8E699-E690-C6FB-BA11-D00C66A7E92D}.Release|Any CPU.ActiveCfg = Release|Any CPU
		{71D8E699-E690-C6FB-BA11-D00C66A7E92D}.Release|Any CPU.Build.0 = Release|Any CPU
	EndGlobalSection
	GlobalSection(SolutionProperties) = preSolution
		HideSolutionNode = FALSE
	EndGlobalSection
	GlobalSection(MonoDevelopProperties) = preSolution
		StartupItem = Assembly-CSharp.csproj
	EndGlobalSection
EndGlobal
